// !$*UTF8*$!
{
	archiveVersion = 1;
	classes = {
	};
	objectVersion = 46;
	objects = {

/* Begin PBXBuildFile section */
		23C3A27D1FE46ACD001C2DB6 /* AppDelegate.swift in Sources */ = {isa = PBXBuildFile; fileRef = 23C3A27C1FE46ACD001C2DB6 /* AppDelegate.swift */; };
		23C3A27F1FE46ACD001C2DB6 /* ViewController.swift in Sources */ = {isa = PBXBuildFile; fileRef = 23C3A27E1FE46ACD001C2DB6 /* ViewController.swift */; };
		23C3A2821FE46ACD001C2DB6 /* Main.storyboard in Resources */ = {isa = PBXBuildFile; fileRef = 23C3A2801FE46ACD001C2DB6 /* Main.storyboard */; };
		23C3A2841FE46ACD001C2DB6 /* Assets.xcassets in Resources */ = {isa = PBXBuildFile; fileRef = 23C3A2831FE46ACD001C2DB6 /* Assets.xcassets */; };
		23C3A2871FE46ACD001C2DB6 /* LaunchScreen.storyboard in Resources */ = {isa = PBXBuildFile; fileRef = 23C3A2851FE46ACD001C2DB6 /* LaunchScreen.storyboard */; };
		23C3A2921FE46ACD001C2DB6 /* holaTests.swift in Sources */ = {isa = PBXBuildFile; fileRef = 23C3A2911FE46ACD001C2DB6 /* holaTests.swift */; };
		23C3A29D1FE46ACD001C2DB6 /* holaUITests.swift in Sources */ = {isa = PBXBuildFile; fileRef = 23C3A29C1FE46ACD001C2DB6 /* holaUITests.swift */; };
/* End PBXBuildFile section */

/* Begin PBXContainerItemProxy section */
		23C3A28E1FE46ACD001C2DB6 /* PBXContainerItemProxy */ = {
			isa = PBXContainerItemProxy;
			containerPortal = 23C3A2711FE46ACD001C2DB6 /* Project object */;
			proxyType = 1;
			remoteGlobalIDString = 23C3A2781FE46ACD001C2DB6;
			remoteInfo = hola;
		};
		23C3A2991FE46ACD001C2DB6 /* PBXContainerItemProxy */ = {
			isa = PBXContainerItemProxy;
			containerPortal = 23C3A2711FE46ACD001C2DB6 /* Project object */;
			proxyType = 1;
			remoteGlobalIDString = 23C3A2781FE46ACD001C2DB6;
			remoteInfo = hola;
		};
/* End PBXContainerItemProxy section */

/* Begin PBXFileReference section */
		23C3A2791FE46ACD001C2DB6 /* hola.app */ = {isa = PBXFileReference; explicitFileType = wrapper.application; includeInIndex = 0; path = hola.app; sourceTree = BUILT_PRODUCTS_DIR; };
		23C3A27C1FE46ACD001C2DB6 /* AppDelegate.swift */ = {isa = PBXFileReference; lastKnownFileType = sourcecode.swift; path = AppDelegate.swift; sourceTree = "<group>"; };
		23C3A27E1FE46ACD001C2DB6 /* ViewController.swift */ = {isa = PBXFileReference; lastKnownFileType = sourcecode.swift; path = ViewController.swift; sourceTree = "<group>"; };
		23C3A2811FE46ACD001C2DB6 /* Base */ = {isa = PBXFileReference; lastKnownFileType = file.storyboard; name = Base; path = Base.lproj/Main.storyboard; sourceTree = "<group>"; };
		23C3A2831FE46ACD001C2DB6 /* Assets.xcassets */ = {isa = PBXFileReference; lastKnownFileType = folder.assetcatalog; path = Assets.xcassets; sourceTree = "<group>"; };
		23C3A2861FE46ACD001C2DB6 /* Base */ = {isa = PBXFileReference; lastKnownFileType = file.storyboard; name = Base; path = Base.lproj/LaunchScreen.storyboard; sourceTree = "<group>"; };
		23C3A2881FE46ACD001C2DB6 /* Info.plist */ = {isa = PBXFileReference; lastKnownFileType = text.plist.xml; path = Info.plist; sourceTree = "<group>"; };
		23C3A28D1FE46ACD001C2DB6 /* holaTests.xctest */ = {isa = PBXFileReference; explicitFileType = wrapper.cfbundle; includeInIndex = 0; path = holaTests.xctest; sourceTree = BUILT_PRODUCTS_DIR; };
		23C3A2911FE46ACD001C2DB6 /* holaTests.swift */ = {isa = PBXFileReference; lastKnownFileType = sourcecode.swift; path = holaTests.swift; sourceTree = "<group>"; };
		23C3A2931FE46ACD001C2DB6 /* Info.plist */ = {isa = PBXFileReference; lastKnownFileType = text.plist.xml; path = Info.plist; sourceTree = "<group>"; };
		23C3A2981FE46ACD001C2DB6 /* holaUITests.xctest */ = {isa = PBXFileReference; explicitFileType = wrapper.cfbundle; includeInIndex = 0; path = holaUITests.xctest; sourceTree = BUILT_PRODUCTS_DIR; };
		23C3A29C1FE46ACD001C2DB6 /* holaUITests.swift */ = {isa = PBXFileReference; lastKnownFileType = sourcecode.swift; path = holaUITests.swift; sourceTree = "<group>"; };
		23C3A29E1FE46ACD001C2DB6 /* Info.plist */ = {isa = PBXFileReference; lastKnownFileType = text.plist.xml; path = Info.plist; sourceTree = "<group>"; };
/* End PBXFileReference section */

/* Begin PBXFrameworksBuildPhase section */
		23C3A2761FE46ACD001C2DB6 /* Frameworks */ = {
			isa = PBXFrameworksBuildPhase;
			buildActionMask = 2147483647;
			files = (
			);
			runOnlyForDeploymentPostprocessing = 0;
		};
		23C3A28A1FE46ACD001C2DB6 /* Frameworks */ = {
			isa = PBXFrameworksBuildPhase;
			buildActionMask = 2147483647;
			files = (
			);
			runOnlyForDeploymentPostprocessing = 0;
		};
		23C3A2951FE46ACD001C2DB6 /* Frameworks */ = {
			isa = PBXFrameworksBuildPhase;
			buildActionMask = 2147483647;
			files = (
			);
			runOnlyForDeploymentPostprocessing = 0;
		};
/* End PBXFrameworksBuildPhase section */

/* Begin PBXGroup section */
		23C3A2701FE46ACD001C2DB6 = {
			isa = PBXGroup;
			children = (
				23C3A27B1FE46ACD001C2DB6 /* hola */,
				23C3A2901FE46ACD001C2DB6 /* holaTests */,
				23C3A29B1FE46ACD001C2DB6 /* holaUITests */,
				23C3A27A1FE46ACD001C2DB6 /* Products */,
			);
			sourceTree = "<group>";
		};
		23C3A27A1FE46ACD001C2DB6 /* Products */ = {
			isa = PBXGroup;
			children = (
				23C3A2791FE46ACD001C2DB6 /* hola.app */,
				23C3A28D1FE46ACD001C2DB6 /* holaTests.xctest */,
				23C3A2981FE46ACD001C2DB6 /* holaUITests.xctest */,
			);
			name = Products;
			sourceTree = "<group>";
		};
		23C3A27B1FE46ACD001C2DB6 /* hola */ = {
			isa = PBXGroup;
			children = (
				23C3A27C1FE46ACD001C2DB6 /* AppDelegate.swift */,
				23C3A27E1FE46ACD001C2DB6 /* ViewController.swift */,
				23C3A2801FE46ACD001C2DB6 /* Main.storyboard */,
				23C3A2831FE46ACD001C2DB6 /* Assets.xcassets */,
				23C3A2851FE46ACD001C2DB6 /* LaunchScreen.storyboard */,
				23C3A2881FE46ACD001C2DB6 /* Info.plist */,
			);
			path = hola;
			sourceTree = "<group>";
		};
		23C3A2901FE46ACD001C2DB6 /* holaTests */ = {
			isa = PBXGroup;
			children = (
				23C3A2911FE46ACD001C2DB6 /* holaTests.swift */,
				23C3A2931FE46ACD001C2DB6 /* Info.plist */,
			);
			path = holaTests;
			sourceTree = "<group>";
		};
		23C3A29B1FE46ACD001C2DB6 /* holaUITests */ = {
			isa = PBXGroup;
			children = (
				23C3A29C1FE46ACD001C2DB6 /* holaUITests.swift */,
				23C3A29E1FE46ACD001C2DB6 /* Info.plist */,
			);
			path = holaUITests;
			sourceTree = "<group>";
		};
/* End PBXGroup section */

/* Begin PBXNativeTarget section */
		23C3A2781FE46ACD001C2DB6 /* hola */ = {
			isa = PBXNativeTarget;
			buildConfigurationList = 23C3A2A11FE46ACD001C2DB6 /* Build configuration list for PBXNativeTarget "hola" */;
			buildPhases = (
				23C3A2751FE46ACD001C2DB6 /* Sources */,
				23C3A2761FE46ACD001C2DB6 /* Frameworks */,
				23C3A2771FE46ACD001C2DB6 /* Resources */,
			);
			buildRules = (
			);
			dependencies = (
			);
			name = hola;
			productName = hola;
			productReference = 23C3A2791FE46ACD001C2DB6 /* hola.app */;
			productType = "com.apple.product-type.application";
		};
		23C3A28C1FE46ACD001C2DB6 /* holaTests */ = {
			isa = PBXNativeTarget;
			buildConfigurationList = 23C3A2A41FE46ACD001C2DB6 /* Build configuration list for PBXNativeTarget "holaTests" */;
			buildPhases = (
				23C3A2891FE46ACD001C2DB6 /* Sources */,
				23C3A28A1FE46ACD001C2DB6 /* Frameworks */,
				23C3A28B1FE46ACD001C2DB6 /* Resources */,
			);
			buildRules = (
			);
			dependencies = (
				23C3A28F1FE46ACD001C2DB6 /* PBXTargetDependency */,
			);
			name = holaTests;
			productName = holaTests;
			productReference = 23C3A28D1FE46ACD001C2DB6 /* holaTests.xctest */;
			productType = "com.apple.product-type.bundle.unit-test";
		};
		23C3A2971FE46ACD001C2DB6 /* holaUITests */ = {
			isa = PBXNativeTarget;
			buildConfigurationList = 23C3A2A71FE46ACD001C2DB6 /* Build configuration list for PBXNativeTarget "holaUITests" */;
			buildPhases = (
				23C3A2941FE46ACD001C2DB6 /* Sources */,
				23C3A2951FE46ACD001C2DB6 /* Frameworks */,
				23C3A2961FE46ACD001C2DB6 /* Resources */,
			);
			buildRules = (
			);
			dependencies = (
				23C3A29A1FE46ACD001C2DB6 /* PBXTargetDependency */,
			);
			name = holaUITests;
			productName = holaUITests;
			productReference = 23C3A2981FE46ACD001C2DB6 /* holaUITests.xctest */;
			productType = "com.apple.product-type.bundle.ui-testing";
		};
/* End PBXNativeTarget section */

/* Begin PBXProject section */
		23C3A2711FE46ACD001C2DB6 /* Project object */ = {
			isa = PBXProject;
			attributes = {
				LastSwiftUpdateCheck = 0730;
				LastUpgradeCheck = 0730;
				ORGANIZATIONNAME = Tania;
				TargetAttributes = {
					23C3A2781FE46ACD001C2DB6 = {
						CreatedOnToolsVersion = 7.3;
					};
					23C3A28C1FE46ACD001C2DB6 = {
						CreatedOnToolsVersion = 7.3;
						TestTargetID = 23C3A2781FE46ACD001C2DB6;
					};
					23C3A2971FE46ACD001C2DB6 = {
						CreatedOnToolsVersion = 7.3;
						TestTargetID = 23C3A2781FE46ACD001C2DB6;
					};
				};
			};
			buildConfigurationList = 23C3A2741FE46ACD001C2DB6 /* Build configuration list for PBXProject "hola" */;
			compatibilityVersion = "Xcode 3.2";
			developmentRegion = English;
			hasScannedForEncodings = 0;
			knownRegions = (
				en,
				Base,
			);
			mainGroup = 23C3A2701FE46ACD001C2DB6;
			productRefGroup = 23C3A27A1FE46ACD001C2DB6 /* Products */;
			projectDirPath = "";
			projectRoot = "";
			targets = (
				23C3A2781FE46ACD001C2DB6 /* hola */,
				23C3A28C1FE46ACD001C2DB6 /* holaTests */,
				23C3A2971FE46ACD001C2DB6 /* holaUITests */,
			);
		};
/* End PBXProject section */

/* Begin PBXResourcesBuildPhase section */
		23C3A2771FE46ACD001C2DB6 /* Resources */ = {
			isa = PBXResourcesBuildPhase;
			buildActionMask = 2147483647;
			files = (
				23C3A2871FE46ACD001C2DB6 /* LaunchScreen.storyboard in Resources */,
				23C3A2841FE46ACD001C2DB6 /* Assets.xcassets in Resources */,
				23C3A2821FE46ACD001C2DB6 /* Main.storyboard in Resources */,
			);
			runOnlyForDeploymentPostprocessing = 0;
		};
		23C3A28B1FE46ACD001C2DB6 /* Resources */ = {
			isa = PBXResourcesBuildPhase;
			buildActionMask = 2147483647;
			files = (
			);
			runOnlyForDeploymentPostprocessing = 0;
		};
		23C3A2961FE46ACD001C2DB6 /* Resources */ = {
			isa = PBXResourcesBuildPhase;
			buildActionMask = 2147483647;
			files = (
			);
			runOnlyForDeploymentPostprocessing = 0;
		};
/* End PBXResourcesBuildPhase section */

/* Begin PBXSourcesBuildPhase section */
		23C3A2751FE46ACD001C2DB6 /* Sources */ = {
			isa = PBXSourcesBuildPhase;
			buildActionMask = 2147483647;
			files = (
				23C3A27F1FE46ACD001C2DB6 /* ViewController.swift in Sources */,
				23C3A27D1FE46ACD001C2DB6 /* AppDelegate.swift in Sources */,
			);
			runOnlyForDeploymentPostprocessing = 0;
		};
		23C3A2891FE46ACD001C2DB6 /* Sources */ = {
			isa = PBXSourcesBuildPhase;
			buildActionMask = 2147483647;
			files = (
				23C3A2921FE46ACD001C2DB6 /* holaTests.swift in Sources */,
			);
			runOnlyForDeploymentPostprocessing = 0;
		};
		23C3A2941FE46ACD001C2DB6 /* Sources */ = {
			isa = PBXSourcesBuildPhase;
			buildActionMask = 2147483647;
			files = (
				23C3A29D1FE46ACD001C2DB6 /* holaUITests.swift in Sources */,
			);
			runOnlyForDeploymentPostprocessing = 0;
		};
/* End PBXSourcesBuildPhase section */

/* Begin PBXTargetDependency section */
		23C3A28F1FE46ACD001C2DB6 /* PBXTargetDependency */ = {
			isa = PBXTargetDependency;
			target = 23C3A2781FE46ACD001C2DB6 /* hola */;
			targetProxy = 23C3A28E1FE46ACD001C2DB6 /* PBXContainerItemProxy */;
		};
		23C3A29A1FE46ACD001C2DB6 /* PBXTargetDependency */ = {
			isa = PBXTargetDependency;
			target = 23C3A2781FE46ACD001C2DB6 /* hola */;
			targetProxy = 23C3A2991FE46ACD001C2DB6 /* PBXContainerItemProxy */;
		};
/* End PBXTargetDependency section */

/* Begin PBXVariantGroup section */
		23C3A2801FE46ACD001C2DB6 /* Main.storyboard */ = {
			isa = PBXVariantGroup;
			children = (
				23C3A2811FE46ACD001C2DB6 /* Base */,
			);
			name = Main.storyboard;
			sourceTree = "<group>";
		};
		23C3A2851FE46ACD001C2DB6 /* LaunchScreen.storyboard */ = {
			isa = PBXVariantGroup;
			children = (
				23C3A2861FE46ACD001C2DB6 /* Base */,
			);
			name = LaunchScreen.storyboard;
			sourceTree = "<group>";
		};
/* End PBXVariantGroup section */

/* Begin XCBuildConfiguration section */
		23C3A29F1FE46ACD001C2DB6 /* Debug */ = {
			isa = XCBuildConfiguration;
			buildSettings = {
				ALWAYS_SEARCH_USER_PATHS = NO;
				CLANG_ANALYZER_NONNULL = YES;
				CLANG_CXX_LANGUAGE_STANDARD = "gnu++0x";
				CLANG_CXX_LIBRARY = "libc++";
				CLANG_ENABLE_MODULES = YES;
				CLANG_ENABLE_OBJC_ARC = YES;
				CLANG_WARN_BOOL_CONVERSION = YES;
				CLANG_WARN_CONSTANT_CONVERSION = YES;
				CLANG_WARN_DIRECT_OBJC_ISA_USAGE = YES_ERROR;
				CLANG_WARN_EMPTY_BODY = YES;
				CLANG_WARN_ENUM_CONVERSION = YES;
				CLANG_WARN_INT_CONVERSION = YES;
				CLANG_WARN_OBJC_ROOT_CLASS = YES_ERROR;
				CLANG_WARN_UNREACHABLE_CODE = YES;
				CLANG_WARN__DUPLICATE_METHOD_MATCH = YES;
				"CODE_SIGN_IDENTITY[sdk=iphoneos*]" = "iPhone Developer";
				COPY_PHASE_STRIP = NO;
				DEBUG_INFORMATION_FORMAT = dwarf;
				ENABLE_STRICT_OBJC_MSGSEND = YES;
				ENABLE_TESTABILITY = YES;
				GCC_C_LANGUAGE_STANDARD = gnu99;
				GCC_DYNAMIC_NO_PIC = NO;
				GCC_NO_COMMON_BLOCKS = YES;
				GCC_OPTIMIZATION_LEVEL = 0;
				GCC_PREPROCESSOR_DEFINITIONS = (
					"DEBUG=1",
					"$(inherited)",
				);
				GCC_WARN_64_TO_32_BIT_CONVERSION = YES;
				GCC_WARN_ABOUT_RETURN_TYPE = YES_ERROR;
				GCC_WARN_UNDECLARED_SELECTOR = YES;
				GCC_WARN_UNINITIALIZED_AUTOS = YES_AGGRESSIVE;
				GCC_WARN_UNUSED_FUNCTION = YES;
				GCC_WARN_UNUSED_VARIABLE = YES;
				IPHONEOS_DEPLOYMENT_TARGET = 9.3;
				MTL_ENABLE_DEBUG_INFO = YES;
				ONLY_ACTIVE_ARCH = YES;
				SDKROOT = iphoneos;
				SWIFT_OPTIMIZATION_LEVEL = "-Onone";
				TARGETED_DEVICE_FAMILY = "1,2";
			};
			name = Debug;
		};
		23C3A2A01FE46ACD001C2DB6 /* Release */ = {
			isa = XCBuildConfiguration;
			buildSettings = {
				ALWAYS_SEARCH_USER_PATHS = NO;
				CLANG_ANALYZER_NONNULL = YES;
				CLANG_CXX_LANGUAGE_STANDARD = "gnu++0x";
				CLANG_CXX_LIBRARY = "libc++";
				CLANG_ENABLE_MODULES = YES;
				CLANG_ENABLE_OBJC_ARC = YES;
				CLANG_WARN_BOOL_CONVERSION = YES;
				CLANG_WARN_CONSTANT_CONVERSION = YES;
				CLANG_WARN_DIRECT_OBJC_ISA_USAGE = YES_ERROR;
				CLANG_WARN_EMPTY_BODY = YES;
				CLANG_WARN_ENUM_CONVERSION = YES;
				CLANG_WARN_INT_CONVERSION = YES;
				CLANG_WARN_OBJC_ROOT_CLASS = YES_ERROR;
				CLANG_WARN_UNREACHABLE_CODE = YES;
				CLANG_WARN__DUPLICATE_METHOD_MATCH = YES;
				"CODE_SIGN_IDENTITY[sdk=iphoneos*]" = "iPhone Developer";
				COPY_PHASE_STRIP = NO;
				DEBUG_INFORMATION_FORMAT = "dwarf-with-dsym";
				ENABLE_NS_ASSERTIONS = NO;
				ENABLE_STRICT_OBJC_MSGSEND = YES;
				GCC_C_LANGUAGE_STANDARD = gnu99;
				GCC_NO_COMMON_BLOCKS = YES;
				GCC_WARN_64_TO_32_BIT_CONVERSION = YES;
				GCC_WARN_ABOUT_RETURN_TYPE = YES_ERROR;
				GCC_WARN_UNDECLARED_SELECTOR = YES;
				GCC_WARN_UNINITIALIZED_AUTOS = YES_AGGRESSIVE;
				GCC_WARN_UNUSED_FUNCTION = YES;
				GCC_WARN_UNUSED_VARIABLE = YES;
				IPHONEOS_DEPLOYMENT_TARGET = 9.3;
				MTL_ENABLE_DEBUG_INFO = NO;
				SDKROOT = iphoneos;
				TARGETED_DEVICE_FAMILY = "1,2";
				VALIDATE_PRODUCT = YES;
			};
			name = Release;
		};
		23C3A2A21FE46ACD001C2DB6 /* Debug */ = {
			isa = XCBuildConfiguration;
			buildSettings = {
				ASSETCATALOG_COMPILER_APPICON_NAME = AppIcon;
				INFOPLIST_FILE = hola/Info.plist;
				LD_RUNPATH_SEARCH_PATHS = "$(inherited) @executable_path/Frameworks";
				PRODUCT_BUNDLE_IDENTIFIER = Tania.hola;
				PRODUCT_NAME = "$(TARGET_NAME)";
			};
			name = Debug;
		};
		23C3A2A31FE46ACD001C2DB6 /* Release */ = {
			isa = XCBuildConfiguration;
			buildSettings = {
				ASSETCATALOG_COMPILER_APPICON_NAME = AppIcon;
				INFOPLIST_FILE = hola/Info.plist;
				LD_RUNPATH_SEARCH_PATHS = "$(inherited) @executable_path/Frameworks";
				PRODUCT_BUNDLE_IDENTIFIER = Tania.hola;
				PRODUCT_NAME = "$(TARGET_NAME)";
			};
			name = Release;
		};
		23C3A2A51FE46ACD001C2DB6 /* Debug */ = {
			isa = XCBuildConfiguration;
			buildSettings = {
				BUNDLE_LOADER = "$(TEST_HOST)";
				INFOPLIST_FILE = holaTests/Info.plist;
				LD_RUNPATH_SEARCH_PATHS = "$(inherited) @executable_path/Frameworks @loader_path/Frameworks";
				PRODUCT_BUNDLE_IDENTIFIER = Tania.holaTests;
				PRODUCT_NAME = "$(TARGET_NAME)";
				TEST_HOST = "$(BUILT_PRODUCTS_DIR)/hola.app/hola";
			};
			name = Debug;
		};
		23C3A2A61FE46ACD001C2DB6 /* Release */ = {
			isa = XCBuildConfiguration;
			buildSettings = {
				BUNDLE_LOADER = "$(TEST_HOST)";
				INFOPLIST_FILE = holaTests/Info.plist;
				LD_RUNPATH_SEARCH_PATHS = "$(inherited) @executable_path/Frameworks @loader_path/Frameworks";
				PRODUCT_BUNDLE_IDENTIFIER = Tania.holaTests;
				PRODUCT_NAME = "$(TARGET_NAME)";
				TEST_HOST = "$(BUILT_PRODUCTS_DIR)/hola.app/hola";
			};
			name = Release;
		};
		23C3A2A81FE46ACD001C2DB6 /* Debug */ = {
			isa = XCBuildConfiguration;
			buildSettings = {
				INFOPLIST_FILE = holaUITests/Info.plist;
				LD_RUNPATH_SEARCH_PATHS = "$(inherited) @executable_path/Frameworks @loader_path/Frameworks";
				PRODUCT_BUNDLE_IDENTIFIER = Tania.holaUITests;
				PRODUCT_NAME = "$(TARGET_NAME)";
				TEST_TARGET_NAME = hola;
			};
			name = Debug;
		};
		23C3A2A91FE46ACD001C2DB6 /* Release */ = {
			isa = XCBuildConfiguration;
			buildSettings = {
				INFOPLIST_FILE = holaUITests/Info.plist;
				LD_RUNPATH_SEARCH_PATHS = "$(inherited) @executable_path/Frameworks @loader_path/Frameworks";
				PRODUCT_BUNDLE_IDENTIFIER = Tania.holaUITests;
				PRODUCT_NAME = "$(TARGET_NAME)";
				TEST_TARGET_NAME = hola;
			};
			name = Release;
		};
/* End XCBuildConfiguration section */

/* Begin XCConfigurationList section */
		23C3A2741FE46ACD001C2DB6 /* Build configuration list for PBXProject "hola" */ = {
			isa = XCConfigurationList;
			buildConfigurations = (
				23C3A29F1FE46ACD001C2DB6 /* Debug */,
				23C3A2A01FE46ACD001C2DB6 /* Release */,
			);
			defaultConfigurationIsVisible = 0;
			defaultConfigurationName = Release;
		};
		23C3A2A11FE46ACD001C2DB6 /* Build configuration list for PBXNativeTarget "hola" */ = {
			isa = XCConfigurationList;
			buildConfigurations = (
				23C3A2A21FE46ACD001C2DB6 /* Debug */,
				23C3A2A31FE46ACD001C2DB6 /* Release */,
			);
			defaultConfigurationIsVisible = 0;
		};
		23C3A2A41FE46ACD001C2DB6 /* Build configuration list for PBXNativeTarget "holaTests" */ = {
			isa = XCConfigurationList;
			buildConfigurations = (
				23C3A2A51FE46ACD001C2DB6 /* Debug */,
				23C3A2A61FE46ACD001C2DB6 /* Release */,
			);
			defaultConfigurationIsVisible = 0;
		};
		23C3A2A71FE46ACD001C2DB6 /* Build configuration list for PBXNativeTarget "holaUITests" */ = {
			isa = XCConfigurationList;
			buildConfigurations = (
				23C3A2A81FE46ACD001C2DB6 /* Debug */,
				23C3A2A91FE46ACD001C2DB6 /* Release */,
			);
			defaultConfigurationIsVisible = 0;
		};
/* End XCConfigurationList section */
	};
	rootObject = 23C3A2711FE46ACD001C2DB6 /* Project object */;
}
